{
  "nodes": {
    "home-manager": {
      "inputs": {
        "nixpkgs": [
          "nixpkgs"
        ]
      },
      "locked": {
        "lastModified": 1688812654,
        "narHash": "sha256-SPuKfCTrXRmqDnfDHWiJPHQzaXRdet/0LV0qUt2pe1Q=",
        "owner": "nix-community",
        "repo": "home-manager",
        "rev": "24805d3ca73f7d4c34239efaa1c73d2d4558a8ea",
        "type": "github"
      },
      "original": {
        "owner": "nix-community",
        "repo": "home-manager",
        "type": "github"
      }
    },
    "nixpkgs": {
      "locked": {
        "lastModified": 1688798537,
        "narHash": "sha256-+3QEnDgBiso8lgUJpMagn6xCujmarc6zCWfKYAd6nqU=",
        "owner": "nixos",
        "repo": "nixpkgs",
        "rev": "842e90934a352f517d23963df3ec0474612e483c",
        "type": "github"
      },
      "original": {
        "owner": "nixos",
        "ref": "nixpkgs-unstable",
        "repo": "nixpkgs",
        "type": "github"
      }
    },
    "root": {
      "inputs": {
        "home-manager": "home-manager",
        "nixpkgs": "nixpkgs"
      }
    }
  },
  "root": "root",
  "version": 7
}
